
Microsoft Visual Studio Solution File, Format Version 12.00
# Visual Studio Version 17
VisualStudioVersion = 17.10.34928.147
MinimumVisualStudioVersion = 10.0.40219.1
Project("{FAE04EC0-301F-11D3-BF4B-00C04F79EFBC}") = "ShoppingCartProject", "ShoppingCartProject\ShoppingCartProject.csproj", "{28E1C002-A73D-4177-8B3E-3B80B0F0BFDD}"
EndProject
Global
	GlobalSection(SolutionConfigurationPlatforms) = preSolution
		Debug|Any CPU = Debug|Any CPU
		Release|Any CPU = Release|Any CPU
	EndGlobalSection
	GlobalSection(ProjectConfigurationPlatforms) = postSolution
		{28E1C002-A73D-4177-8B3E-3B80B0F0BFDD}.Debug|Any CPU.ActiveCfg = Debug|Any CPU
		{28E1C002-A73D-4177-8B3E-3B80B0F0BFDD}.Debug|Any CPU.Build.0 = Debug|Any CPU
		{28E1C002-A73D-4177-8B3E-3B80B0F0BFDD}.Release|Any CPU.ActiveCfg = Release|Any CPU
		{28E1C002-A73D-4177-8B3E-3B80B0F0BFDD}.Release|Any CPU.Build.0 = Release|Any CPU
	EndGlobalSection
	GlobalSection(SolutionProperties) = preSolution
		HideSolutionNode = FALSE
	EndGlobalSection
	GlobalSection(ExtensibilityGlobals) = postSolution
		SolutionGuid = {EB6D6677-C653-4271-9687-33040DBD037E}
	EndGlobalSection
EndGlobal
